// !$*UTF8*$!
{
	archiveVersion = 1;
	classes = {
	};
	objectVersion = 55;
	objects = {

/* Begin PBXBuildFile section */
		87520D762773097200E8BA00 /* AppDelegate.swift in Sources */ = {isa = PBXBuildFile; fileRef = 87520D752773097200E8BA00 /* AppDelegate.swift */; };
		87520D7A2773097200E8BA00 /* ViewController.swift in Sources */ = {isa = PBXBuildFile; fileRef = 87520D792773097200E8BA00 /* ViewController.swift */; };
		87520D7F2773097500E8BA00 /* Assets.xcassets in Resources */ = {isa = PBXBuildFile; fileRef = 87520D7E2773097500E8BA00 /* Assets.xcassets */; };
		87520D822773097500E8BA00 /* LaunchScreen.storyboard in Resources */ = {isa = PBXBuildFile; fileRef = 87520D802773097500E8BA00 /* LaunchScreen.storyboard */; };
		87520D8B27730FE100E8BA00 /* FeedListViewController.swift in Sources */ = {isa = PBXBuildFile; fileRef = 87520D8A27730FE100E8BA00 /* FeedListViewController.swift */; };
		87520D92277310B600E8BA00 /* FeedListViewModel.swift in Sources */ = {isa = PBXBuildFile; fileRef = 87520D91277310B600E8BA00 /* FeedListViewModel.swift */; };
		87520DA6277312B300E8BA00 /* Feed.swift in Sources */ = {isa = PBXBuildFile; fileRef = 87520DA1277312B300E8BA00 /* Feed.swift */; };
		87520DAB277312BC00E8BA00 /* AsyncImage.swift in Sources */ = {isa = PBXBuildFile; fileRef = 87520DA7277312BC00E8BA00 /* AsyncImage.swift */; };
		87520DAC277312BC00E8BA00 /* Extensions.swift in Sources */ = {isa = PBXBuildFile; fileRef = 87520DA9277312BC00E8BA00 /* Extensions.swift */; };
		87520DAD277312BC00E8BA00 /* ImageDownloadHelper.swift in Sources */ = {isa = PBXBuildFile; fileRef = 87520DAA277312BC00E8BA00 /* ImageDownloadHelper.swift */; };
		87520DAE277312BC00E8BA00 /* Observable.swift in Sources */ = {isa = PBXBuildFile; fileRef = 87520DA8277312BC00E8BA00 /* Observable.swift */; };
		87520DB0277312C900E8BA00 /* SocialService.swift in Sources */ = {isa = PBXBuildFile; fileRef = 87520DAF277312C900E8BA00 /* SocialService.swift */; };
		87520DB3277312D900E8BA00 /* MemberCell.swift in Sources */ = {isa = PBXBuildFile; fileRef = 87520DB2277312D900E8BA00 /* MemberCell.swift */; };
		87520DB4277312D900E8BA00 /* MemberCellViewModel.swift in Sources */ = {isa = PBXBuildFile; fileRef = 87520DB1277312D800E8BA00 /* MemberCellViewModel.swift */; };
		87520DB6277312DA00E8BA00 /* CellConfigurable.swift in Sources */ = {isa = PBXBuildFile; fileRef = 87520DB5277312DA00E8BA00 /* CellConfigurable.swift */; };
		87520DB8277312DD00E8BA00 /* RowViewModel.swift in Sources */ = {isa = PBXBuildFile; fileRef = 87520DB7277312DD00E8BA00 /* RowViewModel.swift */; };
		87520DBB277312E100E8BA00 /* PhotoCellViewModel.swift in Sources */ = {isa = PBXBuildFile; fileRef = 87520DB9277312E100E8BA00 /* PhotoCellViewModel.swift */; };
		87520DBC277312E100E8BA00 /* PhotoCell.swift in Sources */ = {isa = PBXBuildFile; fileRef = 87520DBA277312E100E8BA00 /* PhotoCell.swift */; };
		87520DBF277312E700E8BA00 /* SectionViewModel.swift in Sources */ = {isa = PBXBuildFile; fileRef = 87520DBD277312E700E8BA00 /* SectionViewModel.swift */; };
		87520DC0277312E700E8BA00 /* SectionHeaderView.swift in Sources */ = {isa = PBXBuildFile; fileRef = 87520DBE277312E700E8BA00 /* SectionHeaderView.swift */; };
		87520DC22773133700E8BA00 /* FeedListController.swift in Sources */ = {isa = PBXBuildFile; fileRef = 87520DC12773133700E8BA00 /* FeedListController.swift */; };
		87520DE02773236200E8BA00 /* Configs.swift in Sources */ = {isa = PBXBuildFile; fileRef = 87520DDF2773236200E8BA00 /* Configs.swift */; };
		87520DE22773240B00E8BA00 /* UIImageViewExtension.swift in Sources */ = {isa = PBXBuildFile; fileRef = 87520DE12773240B00E8BA00 /* UIImageViewExtension.swift */; };
		87520DE4277326BA00E8BA00 /* DateDecodingStrategy.swift in Sources */ = {isa = PBXBuildFile; fileRef = 87520DE3277326BA00E8BA00 /* DateDecodingStrategy.swift */; };
		87520DE6277342A900E8BA00 /* FeedCell.xib in Resources */ = {isa = PBXBuildFile; fileRef = 87520DE5277342A900E8BA00 /* FeedCell.xib */; };
		87520DE82773444800E8BA00 /* FeedCell.swift in Sources */ = {isa = PBXBuildFile; fileRef = 87520DE72773444700E8BA00 /* FeedCell.swift */; };
/* End PBXBuildFile section */

/* Begin PBXFileReference section */
		87520D722773097200E8BA00 /* TestAppForCoinstats.app */ = {isa = PBXFileReference; explicitFileType = wrapper.application; includeInIndex = 0; path = TestAppForCoinstats.app; sourceTree = BUILT_PRODUCTS_DIR; };
		87520D752773097200E8BA00 /* AppDelegate.swift */ = {isa = PBXFileReference; lastKnownFileType = sourcecode.swift; path = AppDelegate.swift; sourceTree = "<group>"; };
		87520D792773097200E8BA00 /* ViewController.swift */ = {isa = PBXFileReference; lastKnownFileType = sourcecode.swift; path = ViewController.swift; sourceTree = "<group>"; };
		87520D7E2773097500E8BA00 /* Assets.xcassets */ = {isa = PBXFileReference; lastKnownFileType = folder.assetcatalog; path = Assets.xcassets; sourceTree = "<group>"; };
		87520D812773097500E8BA00 /* Base */ = {isa = PBXFileReference; lastKnownFileType = file.storyboard; name = Base; path = Base.lproj/LaunchScreen.storyboard; sourceTree = "<group>"; };
		87520D8A27730FE100E8BA00 /* FeedListViewController.swift */ = {isa = PBXFileReference; lastKnownFileType = sourcecode.swift; path = FeedListViewController.swift; sourceTree = "<group>"; };
		87520D91277310B600E8BA00 /* FeedListViewModel.swift */ = {isa = PBXFileReference; lastKnownFileType = sourcecode.swift; path = FeedListViewModel.swift; sourceTree = "<group>"; };
		87520DA1277312B300E8BA00 /* Feed.swift */ = {isa = PBXFileReference; lastKnownFileType = sourcecode.swift; path = Feed.swift; sourceTree = "<group>"; };
		87520DA7277312BC00E8BA00 /* AsyncImage.swift */ = {isa = PBXFileReference; lastKnownFileType = sourcecode.swift; path = AsyncImage.swift; sourceTree = "<group>"; };
		87520DA8277312BC00E8BA00 /* Observable.swift */ = {isa = PBXFileReference; lastKnownFileType = sourcecode.swift; path = Observable.swift; sourceTree = "<group>"; };
		87520DA9277312BC00E8BA00 /* Extensions.swift */ = {isa = PBXFileReference; lastKnownFileType = sourcecode.swift; path = Extensions.swift; sourceTree = "<group>"; };
		87520DAA277312BC00E8BA00 /* ImageDownloadHelper.swift */ = {isa = PBXFileReference; lastKnownFileType = sourcecode.swift; path = ImageDownloadHelper.swift; sourceTree = "<group>"; };
		87520DAF277312C900E8BA00 /* SocialService.swift */ = {isa = PBXFileReference; lastKnownFileType = sourcecode.swift; path = SocialService.swift; sourceTree = "<group>"; };
		87520DB1277312D800E8BA00 /* MemberCellViewModel.swift */ = {isa = PBXFileReference; lastKnownFileType = sourcecode.swift; path = MemberCellViewModel.swift; sourceTree = "<group>"; };
		87520DB2277312D900E8BA00 /* MemberCell.swift */ = {isa = PBXFileReference; lastKnownFileType = sourcecode.swift; path = MemberCell.swift; sourceTree = "<group>"; };
		87520DB5277312DA00E8BA00 /* CellConfigurable.swift */ = {isa = PBXFileReference; lastKnownFileType = sourcecode.swift; path = CellConfigurable.swift; sourceTree = "<group>"; };
		87520DB7277312DD00E8BA00 /* RowViewModel.swift */ = {isa = PBXFileReference; lastKnownFileType = sourcecode.swift; path = RowViewModel.swift; sourceTree = "<group>"; };
		87520DB9277312E100E8BA00 /* PhotoCellViewModel.swift */ = {isa = PBXFileReference; lastKnownFileType = sourcecode.swift; path = PhotoCellViewModel.swift; sourceTree = "<group>"; };
		87520DBA277312E100E8BA00 /* PhotoCell.swift */ = {isa = PBXFileReference; lastKnownFileType = sourcecode.swift; path = PhotoCell.swift; sourceTree = "<group>"; };
		87520DBD277312E700E8BA00 /* SectionViewModel.swift */ = {isa = PBXFileReference; lastKnownFileType = sourcecode.swift; path = SectionViewModel.swift; sourceTree = "<group>"; };
		87520DBE277312E700E8BA00 /* SectionHeaderView.swift */ = {isa = PBXFileReference; lastKnownFileType = sourcecode.swift; path = SectionHeaderView.swift; sourceTree = "<group>"; };
		87520DC12773133700E8BA00 /* FeedListController.swift */ = {isa = PBXFileReference; fileEncoding = 4; lastKnownFileType = sourcecode.swift; path = FeedListController.swift; sourceTree = "<group>"; };
		87520DC3277317FA00E8BA00 /* Info.plist */ = {isa = PBXFileReference; fileEncoding = 4; lastKnownFileType = text.plist.xml; path = Info.plist; sourceTree = "<group>"; };
		87520DDF2773236200E8BA00 /* Configs.swift */ = {isa = PBXFileReference; lastKnownFileType = sourcecode.swift; path = Configs.swift; sourceTree = "<group>"; };
		87520DE12773240B00E8BA00 /* UIImageViewExtension.swift */ = {isa = PBXFileReference; fileEncoding = 4; lastKnownFileType = sourcecode.swift; path = UIImageViewExtension.swift; sourceTree = "<group>"; };
		87520DE3277326BA00E8BA00 /* DateDecodingStrategy.swift */ = {isa = PBXFileReference; lastKnownFileType = sourcecode.swift; path = DateDecodingStrategy.swift; sourceTree = "<group>"; };
		87520DE5277342A900E8BA00 /* FeedCell.xib */ = {isa = PBXFileReference; fileEncoding = 4; lastKnownFileType = file.xib; path = FeedCell.xib; sourceTree = "<group>"; };
		87520DE72773444700E8BA00 /* FeedCell.swift */ = {isa = PBXFileReference; fileEncoding = 4; lastKnownFileType = sourcecode.swift; path = FeedCell.swift; sourceTree = "<group>"; };
/* End PBXFileReference section */

/* Begin PBXFrameworksBuildPhase section */
		87520D6F2773097200E8BA00 /* Frameworks */ = {
			isa = PBXFrameworksBuildPhase;
			buildActionMask = 2147483647;
			files = (
			);
			runOnlyForDeploymentPostprocessing = 0;
		};
/* End PBXFrameworksBuildPhase section */

/* Begin PBXGroup section */
		87520D692773097200E8BA00 = {
			isa = PBXGroup;
			children = (
				87520D742773097200E8BA00 /* TestAppForCoinstats */,
				87520D732773097200E8BA00 /* Products */,
			);
			sourceTree = "<group>";
		};
		87520D732773097200E8BA00 /* Products */ = {
			isa = PBXGroup;
			children = (
				87520D722773097200E8BA00 /* TestAppForCoinstats.app */,
			);
			name = Products;
			sourceTree = "<group>";
		};
		87520D742773097200E8BA00 /* TestAppForCoinstats */ = {
			isa = PBXGroup;
			children = (
				87520DD227731A5200E8BA00 /* Sources */,
				87520D752773097200E8BA00 /* AppDelegate.swift */,
				87520D7E2773097500E8BA00 /* Assets.xcassets */,
				87520D802773097500E8BA00 /* LaunchScreen.storyboard */,
				87520DC3277317FA00E8BA00 /* Info.plist */,
			);
			path = TestAppForCoinstats;
			sourceTree = "<group>";
		};
		87520DD227731A5200E8BA00 /* Sources */ = {
			isa = PBXGroup;
			children = (
				87520DDE2773235200E8BA00 /* Configs */,
				87520DDA27731BFB00E8BA00 /* Utills */,
				87520DD927731BEA00E8BA00 /* Binding */,
				87520DD827731BDB00E8BA00 /* Helper */,
				87520DD727731B5600E8BA00 /* Service */,
				87520DD627731AFF00E8BA00 /* Controllers */,
				87520DD527731A6400E8BA00 /* ViewModels */,
				87520DD427731A5E00E8BA00 /* Models */,
				87520DD327731A5800E8BA00 /* Views */,
			);
			path = Sources;
			sourceTree = "<group>";
		};
		87520DD327731A5800E8BA00 /* Views */ = {
			isa = PBXGroup;
			children = (
				87520DE5277342A900E8BA00 /* FeedCell.xib */,
				87520DE72773444700E8BA00 /* FeedCell.swift */,
				87520DBE277312E700E8BA00 /* SectionHeaderView.swift */,
				87520DBA277312E100E8BA00 /* PhotoCell.swift */,
				87520DB2277312D900E8BA00 /* MemberCell.swift */,
			);
			path = Views;
			sourceTree = "<group>";
		};
		87520DD427731A5E00E8BA00 /* Models */ = {
			isa = PBXGroup;
			children = (
				87520DA1277312B300E8BA00 /* Feed.swift */,
			);
			path = Models;
			sourceTree = "<group>";
		};
		87520DD527731A6400E8BA00 /* ViewModels */ = {
			isa = PBXGroup;
			children = (
				87520DB1277312D800E8BA00 /* MemberCellViewModel.swift */,
				87520D91277310B600E8BA00 /* FeedListViewModel.swift */,
				87520DB9277312E100E8BA00 /* PhotoCellViewModel.swift */,
				87520DBD277312E700E8BA00 /* SectionViewModel.swift */,
				87520DB7277312DD00E8BA00 /* RowViewModel.swift */,
			);
			path = ViewModels;
			sourceTree = "<group>";
		};
		87520DD627731AFF00E8BA00 /* Controllers */ = {
			isa = PBXGroup;
			children = (
				87520D792773097200E8BA00 /* ViewController.swift */,
				87520D8A27730FE100E8BA00 /* FeedListViewController.swift */,
				87520DC12773133700E8BA00 /* FeedListController.swift */,
			);
			path = Controllers;
			sourceTree = "<group>";
		};
		87520DD727731B5600E8BA00 /* Service */ = {
			isa = PBXGroup;
			children = (
				87520DAF277312C900E8BA00 /* SocialService.swift */,
			);
			path = Service;
			sourceTree = "<group>";
		};
		87520DD827731BDB00E8BA00 /* Helper */ = {
			isa = PBXGroup;
			children = (
				87520DAA277312BC00E8BA00 /* ImageDownloadHelper.swift */,
			);
			path = Helper;
			sourceTree = "<group>";
		};
		87520DD927731BEA00E8BA00 /* Binding */ = {
			isa = PBXGroup;
			children = (
				87520DA8277312BC00E8BA00 /* Observable.swift */,
			);
			path = Binding;
			sourceTree = "<group>";
		};
		87520DDA27731BFB00E8BA00 /* Utills */ = {
			isa = PBXGroup;
			children = (
				87520DDD27731C6300E8BA00 /* CellConfig */,
				87520DDB27731C0500E8BA00 /* Asyncimage */,
			);
			path = Utills;
			sourceTree = "<group>";
		};
		87520DDB27731C0500E8BA00 /* Asyncimage */ = {
			isa = PBXGroup;
			children = (
				87520DE12773240B00E8BA00 /* UIImageViewExtension.swift */,
				87520DA7277312BC00E8BA00 /* AsyncImage.swift */,
			);
			path = Asyncimage;
			sourceTree = "<group>";
		};
		87520DDD27731C6300E8BA00 /* CellConfig */ = {
			isa = PBXGroup;
			children = (
				87520DB5277312DA00E8BA00 /* CellConfigurable.swift */,
				87520DA9277312BC00E8BA00 /* Extensions.swift */,
			);
			path = CellConfig;
			sourceTree = "<group>";
		};
		87520DDE2773235200E8BA00 /* Configs */ = {
			isa = PBXGroup;
			children = (
				87520DDF2773236200E8BA00 /* Configs.swift */,
				87520DE3277326BA00E8BA00 /* DateDecodingStrategy.swift */,
			);
			path = Configs;
			sourceTree = "<group>";
		};
/* End PBXGroup section */

/* Begin PBXNativeTarget section */
		87520D712773097200E8BA00 /* TestAppForCoinstats */ = {
			isa = PBXNativeTarget;
			buildConfigurationList = 87520D862773097500E8BA00 /* Build configuration list for PBXNativeTarget "TestAppForCoinstats" */;
			buildPhases = (
				87520D6E2773097200E8BA00 /* Sources */,
				87520D6F2773097200E8BA00 /* Frameworks */,
				87520D702773097200E8BA00 /* Resources */,
			);
			buildRules = (
			);
			dependencies = (
			);
			name = TestAppForCoinstats;
			productName = TestAppForCoinstats;
			productReference = 87520D722773097200E8BA00 /* TestAppForCoinstats.app */;
			productType = "com.apple.product-type.application";
		};
/* End PBXNativeTarget section */

/* Begin PBXProject section */
		87520D6A2773097200E8BA00 /* Project object */ = {
			isa = PBXProject;
			attributes = {
				BuildIndependentTargetsInParallel = 1;
				LastSwiftUpdateCheck = 1320;
				LastUpgradeCheck = 1320;
				TargetAttributes = {
					87520D712773097200E8BA00 = {
						CreatedOnToolsVersion = 13.2;
					};
				};
			};
			buildConfigurationList = 87520D6D2773097200E8BA00 /* Build configuration list for PBXProject "TestAppForCoinstats" */;
			compatibilityVersion = "Xcode 13.0";
			developmentRegion = en;
			hasScannedForEncodings = 0;
			knownRegions = (
				en,
				Base,
			);
			mainGroup = 87520D692773097200E8BA00;
			productRefGroup = 87520D732773097200E8BA00 /* Products */;
			projectDirPath = "";
			projectRoot = "";
			targets = (
				87520D712773097200E8BA00 /* TestAppForCoinstats */,
			);
		};
/* End PBXProject section */

/* Begin PBXResourcesBuildPhase section */
		87520D702773097200E8BA00 /* Resources */ = {
			isa = PBXResourcesBuildPhase;
			buildActionMask = 2147483647;
			files = (
				87520DE6277342A900E8BA00 /* FeedCell.xib in Resources */,
				87520D822773097500E8BA00 /* LaunchScreen.storyboard in Resources */,
				87520D7F2773097500E8BA00 /* Assets.xcassets in Resources */,
			);
			runOnlyForDeploymentPostprocessing = 0;
		};
/* End PBXResourcesBuildPhase section */

/* Begin PBXSourcesBuildPhase section */
		87520D6E2773097200E8BA00 /* Sources */ = {
			isa = PBXSourcesBuildPhase;
			buildActionMask = 2147483647;
			files = (
				87520DAE277312BC00E8BA00 /* Observable.swift in Sources */,
				87520DAB277312BC00E8BA00 /* AsyncImage.swift in Sources */,
				87520DC22773133700E8BA00 /* FeedListController.swift in Sources */,
				87520DA6277312B300E8BA00 /* Feed.swift in Sources */,
				87520DBB277312E100E8BA00 /* PhotoCellViewModel.swift in Sources */,
				87520D7A2773097200E8BA00 /* ViewController.swift in Sources */,
				87520D762773097200E8BA00 /* AppDelegate.swift in Sources */,
				87520DB0277312C900E8BA00 /* SocialService.swift in Sources */,
				87520D8B27730FE100E8BA00 /* FeedListViewController.swift in Sources */,
				87520DB4277312D900E8BA00 /* MemberCellViewModel.swift in Sources */,
				87520DBF277312E700E8BA00 /* SectionViewModel.swift in Sources */,
				87520DC0277312E700E8BA00 /* SectionHeaderView.swift in Sources */,
				87520DAD277312BC00E8BA00 /* ImageDownloadHelper.swift in Sources */,
				87520DB8277312DD00E8BA00 /* RowViewModel.swift in Sources */,
				87520DB3277312D900E8BA00 /* MemberCell.swift in Sources */,
				87520D92277310B600E8BA00 /* FeedListViewModel.swift in Sources */,
				87520DE22773240B00E8BA00 /* UIImageViewExtension.swift in Sources */,
				87520DBC277312E100E8BA00 /* PhotoCell.swift in Sources */,
				87520DE4277326BA00E8BA00 /* DateDecodingStrategy.swift in Sources */,
				87520DAC277312BC00E8BA00 /* Extensions.swift in Sources */,
				87520DE82773444800E8BA00 /* FeedCell.swift in Sources */,
				87520DB6277312DA00E8BA00 /* CellConfigurable.swift in Sources */,
				87520DE02773236200E8BA00 /* Configs.swift in Sources */,
			);
			runOnlyForDeploymentPostprocessing = 0;
		};
/* End PBXSourcesBuildPhase section */

/* Begin PBXVariantGroup section */
		87520D802773097500E8BA00 /* LaunchScreen.storyboard */ = {
			isa = PBXVariantGroup;
			children = (
				87520D812773097500E8BA00 /* Base */,
			);
			name = LaunchScreen.storyboard;
			sourceTree = "<group>";
		};
/* End PBXVariantGroup section */

/* Begin XCBuildConfiguration section */
		87520D842773097500E8BA00 /* Debug */ = {
			isa = XCBuildConfiguration;
			buildSettings = {
				ALWAYS_SEARCH_USER_PATHS = NO;
				CLANG_ANALYZER_NONNULL = YES;
				CLANG_ANALYZER_NUMBER_OBJECT_CONVERSION = YES_AGGRESSIVE;
				CLANG_CXX_LANGUAGE_STANDARD = "gnu++17";
				CLANG_CXX_LIBRARY = "libc++";
				CLANG_ENABLE_MODULES = YES;
				CLANG_ENABLE_OBJC_ARC = YES;
				CLANG_ENABLE_OBJC_WEAK = YES;
				CLANG_WARN_BLOCK_CAPTURE_AUTORELEASING = YES;
				CLANG_WARN_BOOL_CONVERSION = YES;
				CLANG_WARN_COMMA = YES;
				CLANG_WARN_CONSTANT_CONVERSION = YES;
				CLANG_WARN_DEPRECATED_OBJC_IMPLEMENTATIONS = YES;
				CLANG_WARN_DIRECT_OBJC_ISA_USAGE = YES_ERROR;
				CLANG_WARN_DOCUMENTATION_COMMENTS = YES;
				CLANG_WARN_EMPTY_BODY = YES;
				CLANG_WARN_ENUM_CONVERSION = YES;
				CLANG_WARN_INFINITE_RECURSION = YES;
				CLANG_WARN_INT_CONVERSION = YES;
				CLANG_WARN_NON_LITERAL_NULL_CONVERSION = YES;
				CLANG_WARN_OBJC_IMPLICIT_RETAIN_SELF = YES;
				CLANG_WARN_OBJC_LITERAL_CONVERSION = YES;
				CLANG_WARN_OBJC_ROOT_CLASS = YES_ERROR;
				CLANG_WARN_QUOTED_INCLUDE_IN_FRAMEWORK_HEADER = YES;
				CLANG_WARN_RANGE_LOOP_ANALYSIS = YES;
				CLANG_WARN_STRICT_PROTOTYPES = YES;
				CLANG_WARN_SUSPICIOUS_MOVE = YES;
				CLANG_WARN_UNGUARDED_AVAILABILITY = YES_AGGRESSIVE;
				CLANG_WARN_UNREACHABLE_CODE = YES;
				CLANG_WARN__DUPLICATE_METHOD_MATCH = YES;
				COPY_PHASE_STRIP = NO;
				DEBUG_INFORMATION_FORMAT = dwarf;
				ENABLE_STRICT_OBJC_MSGSEND = YES;
				ENABLE_TESTABILITY = YES;
				GCC_C_LANGUAGE_STANDARD = gnu11;
				GCC_DYNAMIC_NO_PIC = NO;
				GCC_NO_COMMON_BLOCKS = YES;
				GCC_OPTIMIZATION_LEVEL = 0;
				GCC_PREPROCESSOR_DEFINITIONS = (
					"DEBUG=1",
					"$(inherited)",
				);
				GCC_WARN_64_TO_32_BIT_CONVERSION = YES;
				GCC_WARN_ABOUT_RETURN_TYPE = YES_ERROR;
				GCC_WARN_UNDECLARED_SELECTOR = YES;
				GCC_WARN_UNINITIALIZED_AUTOS = YES_AGGRESSIVE;
				GCC_WARN_UNUSED_FUNCTION = YES;
				GCC_WARN_UNUSED_VARIABLE = YES;
				IPHONEOS_DEPLOYMENT_TARGET = 15.2;
				MTL_ENABLE_DEBUG_INFO = INCLUDE_SOURCE;
				MTL_FAST_MATH = YES;
				ONLY_ACTIVE_ARCH = YES;
				SDKROOT = iphoneos;
				SWIFT_ACTIVE_COMPILATION_CONDITIONS = DEBUG;
				SWIFT_OPTIMIZATION_LEVEL = "-Onone";
			};
			name = Debug;
		};
		87520D852773097500E8BA00 /* Release */ = {
			isa = XCBuildConfiguration;
			buildSettings = {
				ALWAYS_SEARCH_USER_PATHS = NO;
				CLANG_ANALYZER_NONNULL = YES;
				CLANG_ANALYZER_NUMBER_OBJECT_CONVERSION = YES_AGGRESSIVE;
				CLANG_CXX_LANGUAGE_STANDARD = "gnu++17";
				CLANG_CXX_LIBRARY = "libc++";
				CLANG_ENABLE_MODULES = YES;
				CLANG_ENABLE_OBJC_ARC = YES;
				CLANG_ENABLE_OBJC_WEAK = YES;
				CLANG_WARN_BLOCK_CAPTURE_AUTORELEASING = YES;
				CLANG_WARN_BOOL_CONVERSION = YES;
				CLANG_WARN_COMMA = YES;
				CLANG_WARN_CONSTANT_CONVERSION = YES;
				CLANG_WARN_DEPRECATED_OBJC_IMPLEMENTATIONS = YES;
				CLANG_WARN_DIRECT_OBJC_ISA_USAGE = YES_ERROR;
				CLANG_WARN_DOCUMENTATION_COMMENTS = YES;
				CLANG_WARN_EMPTY_BODY = YES;
				CLANG_WARN_ENUM_CONVERSION = YES;
				CLANG_WARN_INFINITE_RECURSION = YES;
				CLANG_WARN_INT_CONVERSION = YES;
				CLANG_WARN_NON_LITERAL_NULL_CONVERSION = YES;
				CLANG_WARN_OBJC_IMPLICIT_RETAIN_SELF = YES;
				CLANG_WARN_OBJC_LITERAL_CONVERSION = YES;
				CLANG_WARN_OBJC_ROOT_CLASS = YES_ERROR;
				CLANG_WARN_QUOTED_INCLUDE_IN_FRAMEWORK_HEADER = YES;
				CLANG_WARN_RANGE_LOOP_ANALYSIS = YES;
				CLANG_WARN_STRICT_PROTOTYPES = YES;
				CLANG_WARN_SUSPICIOUS_MOVE = YES;
				CLANG_WARN_UNGUARDED_AVAILABILITY = YES_AGGRESSIVE;
				CLANG_WARN_UNREACHABLE_CODE = YES;
				CLANG_WARN__DUPLICATE_METHOD_MATCH = YES;
				COPY_PHASE_STRIP = NO;
				DEBUG_INFORMATION_FORMAT = "dwarf-with-dsym";
				ENABLE_NS_ASSERTIONS = NO;
				ENABLE_STRICT_OBJC_MSGSEND = YES;
				GCC_C_LANGUAGE_STANDARD = gnu11;
				GCC_NO_COMMON_BLOCKS = YES;
				GCC_WARN_64_TO_32_BIT_CONVERSION = YES;
				GCC_WARN_ABOUT_RETURN_TYPE = YES_ERROR;
				GCC_WARN_UNDECLARED_SELECTOR = YES;
				GCC_WARN_UNINITIALIZED_AUTOS = YES_AGGRESSIVE;
				GCC_WARN_UNUSED_FUNCTION = YES;
				GCC_WARN_UNUSED_VARIABLE = YES;
				IPHONEOS_DEPLOYMENT_TARGET = 15.2;
				MTL_ENABLE_DEBUG_INFO = NO;
				MTL_FAST_MATH = YES;
				SDKROOT = iphoneos;
				SWIFT_COMPILATION_MODE = wholemodule;
				SWIFT_OPTIMIZATION_LEVEL = "-O";
				VALIDATE_PRODUCT = YES;
			};
			name = Release;
		};
		87520D872773097500E8BA00 /* Debug */ = {
			isa = XCBuildConfiguration;
			buildSettings = {
				ASSETCATALOG_COMPILER_APPICON_NAME = AppIcon;
				ASSETCATALOG_COMPILER_GLOBAL_ACCENT_COLOR_NAME = AccentColor;
				CODE_SIGN_IDENTITY = "iPhone Developer";
				CODE_SIGN_STYLE = Automatic;
				CURRENT_PROJECT_VERSION = 1;
				DEVELOPMENT_TEAM = 3D2W27ZXUB;
				GENERATE_INFOPLIST_FILE = YES;
				INFOPLIST_FILE = TestAppForCoinstats/Info.plist;
				INFOPLIST_KEY_UIApplicationSupportsIndirectInputEvents = YES;
				INFOPLIST_KEY_UILaunchStoryboardName = LaunchScreen;
				INFOPLIST_KEY_UIRequiredDeviceCapabilities = armv7;
				INFOPLIST_KEY_UISupportedInterfaceOrientations = "UIInterfaceOrientationPortrait UIInterfaceOrientationLandscapeLeft UIInterfaceOrientationLandscapeRight";
				INFOPLIST_KEY_UISupportedInterfaceOrientations_iPad = "UIInterfaceOrientationPortrait UIInterfaceOrientationPortraitUpsideDown UIInterfaceOrientationLandscapeLeft UIInterfaceOrientationLandscapeRight";
				INFOPLIST_KEY_UISupportedInterfaceOrientations_iPhone = "UIInterfaceOrientationPortrait UIInterfaceOrientationLandscapeLeft UIInterfaceOrientationLandscapeRight";
				IPHONEOS_DEPLOYMENT_TARGET = 14.0;
				LD_RUNPATH_SEARCH_PATHS = (
					"$(inherited)",
					"@executable_path/Frameworks",
				);
				MARKETING_VERSION = 1.0;
				PRODUCT_BUNDLE_IDENTIFIER = com.narek;
				PRODUCT_NAME = "$(TARGET_NAME)";
				PROVISIONING_PROFILE_SPECIFIER = "";
				SWIFT_EMIT_LOC_STRINGS = YES;
				SWIFT_VERSION = 5.0;
				TARGETED_DEVICE_FAMILY = "1,2";
			};
			name = Debug;
		};
		87520D882773097500E8BA00 /* Release */ = {
			isa = XCBuildConfiguration;
			buildSettings = {
				ASSETCATALOG_COMPILER_APPICON_NAME = AppIcon;
				ASSETCATALOG_COMPILER_GLOBAL_ACCENT_COLOR_NAME = AccentColor;
				CODE_SIGN_IDENTITY = "iPhone Developer";
				CODE_SIGN_STYLE = Automatic;
				CURRENT_PROJECT_VERSION = 1;
				DEVELOPMENT_TEAM = 3D2W27ZXUB;
				GENERATE_INFOPLIST_FILE = YES;
				INFOPLIST_FILE = TestAppForCoinstats/Info.plist;
				INFOPLIST_KEY_UIApplicationSupportsIndirectInputEvents = YES;
				INFOPLIST_KEY_UILaunchStoryboardName = LaunchScreen;
				INFOPLIST_KEY_UIRequiredDeviceCapabilities = armv7;
				INFOPLIST_KEY_UISupportedInterfaceOrientations = "UIInterfaceOrientationPortrait UIInterfaceOrientationLandscapeLeft UIInterfaceOrientationLandscapeRight";
				INFOPLIST_KEY_UISupportedInterfaceOrientations_iPad = "UIInterfaceOrientationPortrait UIInterfaceOrientationPortraitUpsideDown UIInterfaceOrientationLandscapeLeft UIInterfaceOrientationLandscapeRight";
				INFOPLIST_KEY_UISupportedInterfaceOrientations_iPhone = "UIInterfaceOrientationPortrait UIInterfaceOrientationLandscapeLeft UIInterfaceOrientationLandscapeRight";
				IPHONEOS_DEPLOYMENT_TARGET = 14.0;
				LD_RUNPATH_SEARCH_PATHS = (
					"$(inherited)",
					"@executable_path/Frameworks",
				);
				MARKETING_VERSION = 1.0;
				PRODUCT_BUNDLE_IDENTIFIER = com.narek;
				PRODUCT_NAME = "$(TARGET_NAME)";
				PROVISIONING_PROFILE_SPECIFIER = "";
				SWIFT_EMIT_LOC_STRINGS = YES;
				SWIFT_VERSION = 5.0;
				TARGETED_DEVICE_FAMILY = "1,2";
			};
			name = Release;
		};
/* End XCBuildConfiguration section */

/* Begin XCConfigurationList section */
		87520D6D2773097200E8BA00 /* Build configuration list for PBXProject "TestAppForCoinstats" */ = {
			isa = XCConfigurationList;
			buildConfigurations = (
				87520D842773097500E8BA00 /* Debug */,
				87520D852773097500E8BA00 /* Release */,
			);
			defaultConfigurationIsVisible = 0;
			defaultConfigurationName = Release;
		};
		87520D862773097500E8BA00 /* Build configuration list for PBXNativeTarget "TestAppForCoinstats" */ = {
			isa = XCConfigurationList;
			buildConfigurations = (
				87520D872773097500E8BA00 /* Debug */,
				87520D882773097500E8BA00 /* Release */,
			);
			defaultConfigurationIsVisible = 0;
			defaultConfigurationName = Release;
		};
/* End XCConfigurationList section */
	};
	rootObject = 87520D6A2773097200E8BA00 /* Project object */;
}
